
Microsoft Visual Studio Solution File, Format Version 12.00
# Visual Studio 14
VisualStudioVersion = 14.0.25420.1
MinimumVisualStudioVersion = 10.0.40219.1
Project("{2150E333-8FDC-42A3-9474-1A3956D46DE8}") = "Storage", "Storage", "{2DB611FE-22D7-4CC8-82B6-1F0908AB7920}"
	ProjectSection(SolutionItems) = preProject
		InhaltstoffeStorage.sql = InhaltstoffeStorage.sql
		Insert Statement.sql = Insert Statement.sql
		SQLProceduren.sql = SQLProceduren.sql
	EndProjectSection
EndProject
Project("{FAE04EC0-301F-11D3-BF4B-00C04F79EFBC}") = "AllerConnectCommon", "Common\AllerConnectCommon.csproj", "{7BDEEB58-EE77-415C-849E-65C59423A24B}"
EndProject
Project("{FAE04EC0-301F-11D3-BF4B-00C04F79EFBC}") = "AllerConnectManager", "Manager\AllerConnectManager.csproj", "{106D2500-8C85-4BD6-9347-160CA64C3AA2}"
EndProject
Project("{FAE04EC0-301F-11D3-BF4B-00C04F79EFBC}") = "AllerConnectInfo", "Info\AllerConnectInfo.csproj", "{BC466995-0649-4834-9BC7-63AC4ED05A2D}"
EndProject
Project("{FAE04EC0-301F-11D3-BF4B-00C04F79EFBC}") = "SUT.PrintEngine", "SUT.PrintEngine\SUT.PrintEngine.csproj", "{0B3D76D5-D9F4-4C0E-AFA9-143138EBC74D}"
EndProject
Global
	GlobalSection(SolutionConfigurationPlatforms) = preSolution
		Debug|Any CPU = Debug|Any CPU
		Release|Any CPU = Release|Any CPU
	EndGlobalSection
	GlobalSection(ProjectConfigurationPlatforms) = postSolution
		{7BDEEB58-EE77-415C-849E-65C59423A24B}.Debug|Any CPU.ActiveCfg = Debug|Any CPU
		{7BDEEB58-EE77-415C-849E-65C59423A24B}.Debug|Any CPU.Build.0 = Debug|Any CPU
		{7BDEEB58-EE77-415C-849E-65C59423A24B}.Release|Any CPU.ActiveCfg = Release|Any CPU
		{7BDEEB58-EE77-415C-849E-65C59423A24B}.Release|Any CPU.Build.0 = Release|Any CPU
		{106D2500-8C85-4BD6-9347-160CA64C3AA2}.Debug|Any CPU.ActiveCfg = Debug|Any CPU
		{106D2500-8C85-4BD6-9347-160CA64C3AA2}.Debug|Any CPU.Build.0 = Debug|Any CPU
		{106D2500-8C85-4BD6-9347-160CA64C3AA2}.Release|Any CPU.ActiveCfg = Release|Any CPU
		{106D2500-8C85-4BD6-9347-160CA64C3AA2}.Release|Any CPU.Build.0 = Release|Any CPU
		{BC466995-0649-4834-9BC7-63AC4ED05A2D}.Debug|Any CPU.ActiveCfg = Debug|Any CPU
		{BC466995-0649-4834-9BC7-63AC4ED05A2D}.Debug|Any CPU.Build.0 = Debug|Any CPU
		{BC466995-0649-4834-9BC7-63AC4ED05A2D}.Release|Any CPU.ActiveCfg = Release|Any CPU
		{BC466995-0649-4834-9BC7-63AC4ED05A2D}.Release|Any CPU.Build.0 = Release|Any CPU
		{0B3D76D5-D9F4-4C0E-AFA9-143138EBC74D}.Debug|Any CPU.ActiveCfg = Debug|Any CPU
		{0B3D76D5-D9F4-4C0E-AFA9-143138EBC74D}.Debug|Any CPU.Build.0 = Debug|Any CPU
		{0B3D76D5-D9F4-4C0E-AFA9-143138EBC74D}.Release|Any CPU.ActiveCfg = Release|Any CPU
		{0B3D76D5-D9F4-4C0E-AFA9-143138EBC74D}.Release|Any CPU.Build.0 = Release|Any CPU
	EndGlobalSection
	GlobalSection(SolutionProperties) = preSolution
		HideSolutionNode = FALSE
	EndGlobalSection
EndGlobal
